
Microsoft Visual Studio Solution File, Format Version 12.00
# Visual Studio Version 17
VisualStudioVersion = 17.6.33829.357
MinimumVisualStudioVersion = 10.0.40219.1
Project("{FAE04EC0-301F-11D3-BF4B-00C04F79EFBC}") = "Manager", "Manager\Manager.csproj", "{15EA998D-8581-4583-9F45-ACA911A901EB}"
EndProject
Global
	GlobalSection(SolutionConfigurationPlatforms) = preSolution
		Debug|Any CPU = Debug|Any CPU
		Release|Any CPU = Release|Any CPU
	EndGlobalSection
	GlobalSection(ProjectConfigurationPlatforms) = postSolution
		{15EA998D-8581-4583-9F45-ACA911A901EB}.Debug|Any CPU.ActiveCfg = Debug|Any CPU
		{15EA998D-8581-4583-9F45-ACA911A901EB}.Debug|Any CPU.Build.0 = Debug|Any CPU
		{15EA998D-8581-4583-9F45-ACA911A901EB}.Release|Any CPU.ActiveCfg = Release|Any CPU
		{15EA998D-8581-4583-9F45-ACA911A901EB}.Release|Any CPU.Build.0 = Release|Any CPU
	EndGlobalSection
	GlobalSection(SolutionProperties) = preSolution
		HideSolutionNode = FALSE
	EndGlobalSection
	GlobalSection(ExtensibilityGlobals) = postSolution
		SolutionGuid = {7C058413-C798-4753-B7BE-A72BAF1C11BB}
	EndGlobalSection
EndGlobal
